
Microsoft Visual Studio Solution File, Format Version 12.00
# Visual Studio Version 17
VisualStudioVersion = 17.9.34622.214
MinimumVisualStudioVersion = 10.0.40219.1
Project("{8BC9CEB8-8B4A-11D0-8D11-00A0C91BC942}") = "cuteee", "cuteee\cuteee.vcxproj", "{F4FD7C96-06FF-4A48-AC22-EF2D7D632E5F}"
EndProject
Global
	GlobalSection(SolutionConfigurationPlatforms) = preSolution
		Debug|x64 = Debug|x64
		Release|x64 = Release|x64
	EndGlobalSection
	GlobalSection(ProjectConfigurationPlatforms) = postSolution
		{F4FD7C96-06FF-4A48-AC22-EF2D7D632E5F}.Debug|x64.ActiveCfg = Debug|x64
		{F4FD7C96-06FF-4A48-AC22-EF2D7D632E5F}.Debug|x64.Build.0 = Debug|x64
		{F4FD7C96-06FF-4A48-AC22-EF2D7D632E5F}.Release|x64.ActiveCfg = Release|x64
		{F4FD7C96-06FF-4A48-AC22-EF2D7D632E5F}.Release|x64.Build.0 = Release|x64
	EndGlobalSection
	GlobalSection(SolutionProperties) = preSolution
		HideSolutionNode = FALSE
	EndGlobalSection
	GlobalSection(ExtensibilityGlobals) = postSolution
		SolutionGuid = {10C24403-D240-4AB7-BC00-DB2709956058}
	EndGlobalSection
EndGlobal
